// !$*UTF8*$!
{
	archiveVersion = 1;
	classes = {
	};
	objectVersion = 77;
	objects = {

/* Begin PBXBuildFile section */
		3C90209E2F3ABCD300EE30BF /* CameraPreview.swift in Sources */ = {isa = PBXBuildFile; fileRef = 3C90209D2F3ABCD300EE30BF /* CameraPreview.swift */; };
		3C90209F2F3ABCD300EE30BF /* CameraPreview.swift in Sources */ = {isa = PBXBuildFile; fileRef = 3C90209D2F3ABCD300EE30BF /* CameraPreview.swift */; };
		3C9020A02F3ABCD300EE30BF /* CameraPreview.swift in Sources */ = {isa = PBXBuildFile; fileRef = 3C90209D2F3ABCD300EE30BF /* CameraPreview.swift */; };
		3C9020A22F3ABCE200EE30BF /* Detector.swift in Sources */ = {isa = PBXBuildFile; fileRef = 3C9020A12F3ABCE200EE30BF /* Detector.swift */; };
		3C9020A32F3ABCE200EE30BF /* Detector.swift in Sources */ = {isa = PBXBuildFile; fileRef = 3C9020A12F3ABCE200EE30BF /* Detector.swift */; };
		3C9020A42F3ABCE200EE30BF /* Detector.swift in Sources */ = {isa = PBXBuildFile; fileRef = 3C9020A12F3ABCE200EE30BF /* Detector.swift */; };
		3C9020A62F3ABCE900EE30BF /* LocationManager.swift in Sources */ = {isa = PBXBuildFile; fileRef = 3C9020A52F3ABCE900EE30BF /* LocationManager.swift */; };
		3C9020A72F3ABCE900EE30BF /* LocationManager.swift in Sources */ = {isa = PBXBuildFile; fileRef = 3C9020A52F3ABCE900EE30BF /* LocationManager.swift */; };
		3C9020A82F3ABCE900EE30BF /* LocationManager.swift in Sources */ = {isa = PBXBuildFile; fileRef = 3C9020A52F3ABCE900EE30BF /* LocationManager.swift */; };
		561FF74B2EB258D400411CF8 /* Library.swift in Sources */ = {isa = PBXBuildFile; fileRef = 561FF74A2EB258CC00411CF8 /* Library.swift */; };
		562AD38C2ECBAF1B00D5144C /* Login.swift in Sources */ = {isa = PBXBuildFile; fileRef = 562AD38B2ECBAF1800D5144C /* Login.swift */; };
		562DAAAD2F2A71750083A71E /* Main.swift in Sources */ = {isa = PBXBuildFile; fileRef = 562DAAAC2F2A71740083A71E /* Main.swift */; };
		562DAAAF2F2A85B40083A71E /* Help.swift in Sources */ = {isa = PBXBuildFile; fileRef = 562DAAAE2F2A85B20083A71E /* Help.swift */; };
		562DAAB32F2A89600083A71E /* LandmarkScan.swift in Sources */ = {isa = PBXBuildFile; fileRef = 562DAAB22F2A895B0083A71E /* LandmarkScan.swift */; };
		56432A372EBBBF70006B6E49 /* LandmarkRecord.swift in Sources */ = {isa = PBXBuildFile; fileRef = 56432A362EBBBF6D006B6E49 /* LandmarkRecord.swift */; };
		568B4A5A2F294DDA002BCA3D /* Buttons.swift in Sources */ = {isa = PBXBuildFile; fileRef = 568B4A592F294DD4002BCA3D /* Buttons.swift */; };
		56BDFD612EC63B52006D1B84 /* PayInfo.swift in Sources */ = {isa = PBXBuildFile; fileRef = 56BDFD602EC63B46006D1B84 /* PayInfo.swift */; };
		56C3FA082EA6CA3100EA6153 /* Settings.swift in Sources */ = {isa = PBXBuildFile; fileRef = 56C3FA052EA6CA3100EA6153 /* Settings.swift */; };
		56C3FA092EA6CA3100EA6153 /* Splash.swift in Sources */ = {isa = PBXBuildFile; fileRef = 56C3FA062EA6CA3100EA6153 /* Splash.swift */; };
/* End PBXBuildFile section */

/* Begin PBXContainerItemProxy section */
		3C918FAB2E9ECE6100AF5DAF /* PBXContainerItemProxy */ = {
			isa = PBXContainerItemProxy;
			containerPortal = 3C918F952E9ECE5F00AF5DAF /* Project object */;
			proxyType = 1;
			remoteGlobalIDString = 3C918F9C2E9ECE5F00AF5DAF;
			remoteInfo = LookSeeProto;
		};
		3C918FB52E9ECE6100AF5DAF /* PBXContainerItemProxy */ = {
			isa = PBXContainerItemProxy;
			containerPortal = 3C918F952E9ECE5F00AF5DAF /* Project object */;
			proxyType = 1;
			remoteGlobalIDString = 3C918F9C2E9ECE5F00AF5DAF;
			remoteInfo = LookSeeProto;
		};
/* End PBXContainerItemProxy section */

/* Begin PBXFileReference section */
		3C90209D2F3ABCD300EE30BF /* CameraPreview.swift */ = {isa = PBXFileReference; lastKnownFileType = sourcecode.swift; path = CameraPreview.swift; sourceTree = "<group>"; };
		3C9020A12F3ABCE200EE30BF /* Detector.swift */ = {isa = PBXFileReference; lastKnownFileType = sourcecode.swift; path = Detector.swift; sourceTree = "<group>"; };
		3C9020A52F3ABCE900EE30BF /* LocationManager.swift */ = {isa = PBXFileReference; lastKnownFileType = sourcecode.swift; path = LocationManager.swift; sourceTree = "<group>"; };
		3C918F9D2E9ECE5F00AF5DAF /* LookSeeProto.app */ = {isa = PBXFileReference; explicitFileType = wrapper.application; includeInIndex = 0; path = LookSeeProto.app; sourceTree = BUILT_PRODUCTS_DIR; };
		3C918FAA2E9ECE6100AF5DAF /* LookSeeProtoTests.xctest */ = {isa = PBXFileReference; explicitFileType = wrapper.cfbundle; includeInIndex = 0; path = LookSeeProtoTests.xctest; sourceTree = BUILT_PRODUCTS_DIR; };
		3C918FB42E9ECE6100AF5DAF /* LookSeeProtoUITests.xctest */ = {isa = PBXFileReference; explicitFileType = wrapper.cfbundle; includeInIndex = 0; path = LookSeeProtoUITests.xctest; sourceTree = BUILT_PRODUCTS_DIR; };
		561FF74A2EB258CC00411CF8 /* Library.swift */ = {isa = PBXFileReference; lastKnownFileType = sourcecode.swift; path = Library.swift; sourceTree = "<group>"; };
		562AD38B2ECBAF1800D5144C /* Login.swift */ = {isa = PBXFileReference; lastKnownFileType = sourcecode.swift; path = Login.swift; sourceTree = "<group>"; };
		562DAAAC2F2A71740083A71E /* Main.swift */ = {isa = PBXFileReference; lastKnownFileType = sourcecode.swift; path = Main.swift; sourceTree = "<group>"; };
		562DAAAE2F2A85B20083A71E /* Help.swift */ = {isa = PBXFileReference; lastKnownFileType = sourcecode.swift; path = Help.swift; sourceTree = "<group>"; };
		562DAAB22F2A895B0083A71E /* LandmarkScan.swift */ = {isa = PBXFileReference; lastKnownFileType = sourcecode.swift; path = LandmarkScan.swift; sourceTree = "<group>"; };
		56432A362EBBBF6D006B6E49 /* LandmarkRecord.swift */ = {isa = PBXFileReference; lastKnownFileType = sourcecode.swift; path = LandmarkRecord.swift; sourceTree = "<group>"; };
		568B4A592F294DD4002BCA3D /* Buttons.swift */ = {isa = PBXFileReference; lastKnownFileType = sourcecode.swift; path = Buttons.swift; sourceTree = "<group>"; };
		56BDFD602EC63B46006D1B84 /* PayInfo.swift */ = {isa = PBXFileReference; lastKnownFileType = sourcecode.swift; path = PayInfo.swift; sourceTree = "<group>"; };
		56C3FA052EA6CA3100EA6153 /* Settings.swift */ = {isa = PBXFileReference; lastKnownFileType = sourcecode.swift; path = Settings.swift; sourceTree = "<group>"; };
		56C3FA062EA6CA3100EA6153 /* Splash.swift */ = {isa = PBXFileReference; lastKnownFileType = sourcecode.swift; path = Splash.swift; sourceTree = "<group>"; };
/* End PBXFileReference section */

/* Begin PBXFileSystemSynchronizedRootGroup section */
		3C918F9F2E9ECE5F00AF5DAF /* LookSeeProto */ = {
			isa = PBXFileSystemSynchronizedRootGroup;
			path = LookSeeProto;
			sourceTree = "<group>";
		};
		3C918FAD2E9ECE6100AF5DAF /* LookSeeProtoTests */ = {
			isa = PBXFileSystemSynchronizedRootGroup;
			path = LookSeeProtoTests;
			sourceTree = "<group>";
		};
		3C918FB72E9ECE6100AF5DAF /* LookSeeProtoUITests */ = {
			isa = PBXFileSystemSynchronizedRootGroup;
			path = LookSeeProtoUITests;
			sourceTree = "<group>";
		};
		565542B22EBD02DF007DBA98 /* Resources */ = {
			isa = PBXFileSystemSynchronizedRootGroup;
			path = Resources;
			sourceTree = "<group>";
		};
		565542BF2EBD8384007DBA98 /* Models */ = {
			isa = PBXFileSystemSynchronizedRootGroup;
			path = Models;
			sourceTree = "<group>";
		};
/* End PBXFileSystemSynchronizedRootGroup section */

/* Begin PBXFrameworksBuildPhase section */
		3C918F9A2E9ECE5F00AF5DAF /* Frameworks */ = {
			isa = PBXFrameworksBuildPhase;
			buildActionMask = 2147483647;
			files = (
			);
			runOnlyForDeploymentPostprocessing = 0;
		};
		3C918FA72E9ECE6100AF5DAF /* Frameworks */ = {
			isa = PBXFrameworksBuildPhase;
			buildActionMask = 2147483647;
			files = (
			);
			runOnlyForDeploymentPostprocessing = 0;
		};
		3C918FB12E9ECE6100AF5DAF /* Frameworks */ = {
			isa = PBXFrameworksBuildPhase;
			buildActionMask = 2147483647;
			files = (
			);
			runOnlyForDeploymentPostprocessing = 0;
		};
/* End PBXFrameworksBuildPhase section */

/* Begin PBXGroup section */
		3C90209B2F3ABC8B00EE30BF /* Detection */ = {
			isa = PBXGroup;
			children = (
				3C90209D2F3ABCD300EE30BF /* CameraPreview.swift */,
				3C9020A12F3ABCE200EE30BF /* Detector.swift */,
				3C9020A52F3ABCE900EE30BF /* LocationManager.swift */,
			);
			path = Detection;
			sourceTree = "<group>";
		};
		3C918F942E9ECE5F00AF5DAF = {
			isa = PBXGroup;
			children = (
				3C90209B2F3ABC8B00EE30BF /* Detection */,
				565542BF2EBD8384007DBA98 /* Models */,
				565542B22EBD02DF007DBA98 /* Resources */,
				56C3FA072EA6CA3100EA6153 /* UI Files */,
				3C918F9F2E9ECE5F00AF5DAF /* LookSeeProto */,
				3C918FAD2E9ECE6100AF5DAF /* LookSeeProtoTests */,
				3C918FB72E9ECE6100AF5DAF /* LookSeeProtoUITests */,
				3C918F9E2E9ECE5F00AF5DAF /* Products */,
			);
			sourceTree = "<group>";
		};
		3C918F9E2E9ECE5F00AF5DAF /* Products */ = {
			isa = PBXGroup;
			children = (
				3C918F9D2E9ECE5F00AF5DAF /* LookSeeProto.app */,
				3C918FAA2E9ECE6100AF5DAF /* LookSeeProtoTests.xctest */,
				3C918FB42E9ECE6100AF5DAF /* LookSeeProtoUITests.xctest */,
			);
			name = Products;
			sourceTree = "<group>";
		};
		56C3FA072EA6CA3100EA6153 /* UI Files */ = {
			isa = PBXGroup;
			children = (
				568B4A592F294DD4002BCA3D /* Buttons.swift */,
				562DAAAE2F2A85B20083A71E /* Help.swift */,
				562AD38B2ECBAF1800D5144C /* Login.swift */,
				562DAAB22F2A895B0083A71E /* LandmarkScan.swift */,
				56432A362EBBBF6D006B6E49 /* LandmarkRecord.swift */,
				561FF74A2EB258CC00411CF8 /* Library.swift */,
				562DAAAC2F2A71740083A71E /* Main.swift */,
				56BDFD602EC63B46006D1B84 /* PayInfo.swift */,
				56C3FA052EA6CA3100EA6153 /* Settings.swift */,
				56C3FA062EA6CA3100EA6153 /* Splash.swift */,
			);
			path = "UI Files";
			sourceTree = "<group>";
		};
/* End PBXGroup section */

/* Begin PBXNativeTarget section */
		3C918F9C2E9ECE5F00AF5DAF /* LookSeeProto */ = {
			isa = PBXNativeTarget;
			buildConfigurationList = 3C918FBE2E9ECE6100AF5DAF /* Build configuration list for PBXNativeTarget "LookSeeProto" */;
			buildPhases = (
				3C918F992E9ECE5F00AF5DAF /* Sources */,
				3C918F9A2E9ECE5F00AF5DAF /* Frameworks */,
				3C918F9B2E9ECE5F00AF5DAF /* Resources */,
			);
			buildRules = (
			);
			dependencies = (
			);
			fileSystemSynchronizedGroups = (
				3C918F9F2E9ECE5F00AF5DAF /* LookSeeProto */,
				565542B22EBD02DF007DBA98 /* Resources */,
				565542BF2EBD8384007DBA98 /* Models */,
			);
			name = LookSeeProto;
			packageProductDependencies = (
			);
			productName = LookSeeProto;
			productReference = 3C918F9D2E9ECE5F00AF5DAF /* LookSeeProto.app */;
			productType = "com.apple.product-type.application";
		};
		3C918FA92E9ECE6100AF5DAF /* LookSeeProtoTests */ = {
			isa = PBXNativeTarget;
			buildConfigurationList = 3C918FC12E9ECE6100AF5DAF /* Build configuration list for PBXNativeTarget "LookSeeProtoTests" */;
			buildPhases = (
				3C918FA62E9ECE6100AF5DAF /* Sources */,
				3C918FA72E9ECE6100AF5DAF /* Frameworks */,
				3C918FA82E9ECE6100AF5DAF /* Resources */,
			);
			buildRules = (
			);
			dependencies = (
				3C918FAC2E9ECE6100AF5DAF /* PBXTargetDependency */,
			);
			fileSystemSynchronizedGroups = (
				3C918FAD2E9ECE6100AF5DAF /* LookSeeProtoTests */,
			);
			name = LookSeeProtoTests;
			packageProductDependencies = (
			);
			productName = LookSeeProtoTests;
			productReference = 3C918FAA2E9ECE6100AF5DAF /* LookSeeProtoTests.xctest */;
			productType = "com.apple.product-type.bundle.unit-test";
		};
		3C918FB32E9ECE6100AF5DAF /* LookSeeProtoUITests */ = {
			isa = PBXNativeTarget;
			buildConfigurationList = 3C918FC42E9ECE6100AF5DAF /* Build configuration list for PBXNativeTarget "LookSeeProtoUITests" */;
			buildPhases = (
				3C918FB02E9ECE6100AF5DAF /* Sources */,
				3C918FB12E9ECE6100AF5DAF /* Frameworks */,
				3C918FB22E9ECE6100AF5DAF /* Resources */,
			);
			buildRules = (
			);
			dependencies = (
				3C918FB62E9ECE6100AF5DAF /* PBXTargetDependency */,
			);
			fileSystemSynchronizedGroups = (
				3C918FB72E9ECE6100AF5DAF /* LookSeeProtoUITests */,
			);
			name = LookSeeProtoUITests;
			packageProductDependencies = (
			);
			productName = LookSeeProtoUITests;
			productReference = 3C918FB42E9ECE6100AF5DAF /* LookSeeProtoUITests.xctest */;
			productType = "com.apple.product-type.bundle.ui-testing";
		};
/* End PBXNativeTarget section */

/* Begin PBXProject section */
		3C918F952E9ECE5F00AF5DAF /* Project object */ = {
			isa = PBXProject;
			attributes = {
				BuildIndependentTargetsInParallel = 1;
				LastSwiftUpdateCheck = 2600;
				LastUpgradeCheck = 2610;
				TargetAttributes = {
					3C918F9C2E9ECE5F00AF5DAF = {
						CreatedOnToolsVersion = 26.0.1;
					};
					3C918FA92E9ECE6100AF5DAF = {
						CreatedOnToolsVersion = 26.0.1;
						TestTargetID = 3C918F9C2E9ECE5F00AF5DAF;
					};
					3C918FB32E9ECE6100AF5DAF = {
						CreatedOnToolsVersion = 26.0.1;
						TestTargetID = 3C918F9C2E9ECE5F00AF5DAF;
					};
				};
			};
			buildConfigurationList = 3C918F982E9ECE5F00AF5DAF /* Build configuration list for PBXProject "LookSeeProto" */;
			developmentRegion = en;
			hasScannedForEncodings = 0;
			knownRegions = (
				en,
				Base,
			);
			mainGroup = 3C918F942E9ECE5F00AF5DAF;
			minimizedProjectReferenceProxies = 1;
			preferredProjectObjectVersion = 77;
			productRefGroup = 3C918F9E2E9ECE5F00AF5DAF /* Products */;
			projectDirPath = "";
			projectRoot = "";
			targets = (
				3C918F9C2E9ECE5F00AF5DAF /* LookSeeProto */,
				3C918FA92E9ECE6100AF5DAF /* LookSeeProtoTests */,
				3C918FB32E9ECE6100AF5DAF /* LookSeeProtoUITests */,
			);
		};
/* End PBXProject section */

/* Begin PBXResourcesBuildPhase section */
		3C918F9B2E9ECE5F00AF5DAF /* Resources */ = {
			isa = PBXResourcesBuildPhase;
			buildActionMask = 2147483647;
			files = (
			);
			runOnlyForDeploymentPostprocessing = 0;
		};
		3C918FA82E9ECE6100AF5DAF /* Resources */ = {
			isa = PBXResourcesBuildPhase;
			buildActionMask = 2147483647;
			files = (
			);
			runOnlyForDeploymentPostprocessing = 0;
		};
		3C918FB22E9ECE6100AF5DAF /* Resources */ = {
			isa = PBXResourcesBuildPhase;
			buildActionMask = 2147483647;
			files = (
			);
			runOnlyForDeploymentPostprocessing = 0;
		};
/* End PBXResourcesBuildPhase section */

/* Begin PBXSourcesBuildPhase section */
		3C918F992E9ECE5F00AF5DAF /* Sources */ = {
			isa = PBXSourcesBuildPhase;
			buildActionMask = 2147483647;
			files = (
				562DAAAD2F2A71750083A71E /* Main.swift in Sources */,
				562DAAB32F2A89600083A71E /* LandmarkScan.swift in Sources */,
				562AD38C2ECBAF1B00D5144C /* Login.swift in Sources */,
				3C9020A02F3ABCD300EE30BF /* CameraPreview.swift in Sources */,
				56BDFD612EC63B52006D1B84 /* PayInfo.swift in Sources */,
				568B4A5A2F294DDA002BCA3D /* Buttons.swift in Sources */,
				561FF74B2EB258D400411CF8 /* Library.swift in Sources */,
				56C3FA082EA6CA3100EA6153 /* Settings.swift in Sources */,
				56C3FA092EA6CA3100EA6153 /* Splash.swift in Sources */,
				3C9020A82F3ABCE900EE30BF /* LocationManager.swift in Sources */,
				562DAAAF2F2A85B40083A71E /* Help.swift in Sources */,
				3C9020A32F3ABCE200EE30BF /* Detector.swift in Sources */,
				56432A372EBBBF70006B6E49 /* LandmarkRecord.swift in Sources */,
			);
			runOnlyForDeploymentPostprocessing = 0;
		};
		3C918FA62E9ECE6100AF5DAF /* Sources */ = {
			isa = PBXSourcesBuildPhase;
			buildActionMask = 2147483647;
			files = (
				3C9020A62F3ABCE900EE30BF /* LocationManager.swift in Sources */,
				3C90209F2F3ABCD300EE30BF /* CameraPreview.swift in Sources */,
				3C9020A22F3ABCE200EE30BF /* Detector.swift in Sources */,
			);
			runOnlyForDeploymentPostprocessing = 0;
		};
		3C918FB02E9ECE6100AF5DAF /* Sources */ = {
			isa = PBXSourcesBuildPhase;
			buildActionMask = 2147483647;
			files = (
				3C90209E2F3ABCD300EE30BF /* CameraPreview.swift in Sources */,
				3C9020A72F3ABCE900EE30BF /* LocationManager.swift in Sources */,
				3C9020A42F3ABCE200EE30BF /* Detector.swift in Sources */,
			);
			runOnlyForDeploymentPostprocessing = 0;
		};
/* End PBXSourcesBuildPhase section */

/* Begin PBXTargetDependency section */
		3C918FAC2E9ECE6100AF5DAF /* PBXTargetDependency */ = {
			isa = PBXTargetDependency;
			target = 3C918F9C2E9ECE5F00AF5DAF /* LookSeeProto */;
			targetProxy = 3C918FAB2E9ECE6100AF5DAF /* PBXContainerItemProxy */;
		};
		3C918FB62E9ECE6100AF5DAF /* PBXTargetDependency */ = {
			isa = PBXTargetDependency;
			target = 3C918F9C2E9ECE5F00AF5DAF /* LookSeeProto */;
			targetProxy = 3C918FB52E9ECE6100AF5DAF /* PBXContainerItemProxy */;
		};
/* End PBXTargetDependency section */

/* Begin XCBuildConfiguration section */
		3C918FBC2E9ECE6100AF5DAF /* Debug */ = {
			isa = XCBuildConfiguration;
			buildSettings = {
				ALWAYS_SEARCH_USER_PATHS = NO;
				ASSETCATALOG_COMPILER_GENERATE_SWIFT_ASSET_SYMBOL_EXTENSIONS = YES;
				CLANG_ANALYZER_NONNULL = YES;
				CLANG_ANALYZER_NUMBER_OBJECT_CONVERSION = YES_AGGRESSIVE;
				CLANG_CXX_LANGUAGE_STANDARD = "gnu++20";
				CLANG_ENABLE_MODULES = YES;
				CLANG_ENABLE_OBJC_ARC = YES;
				CLANG_ENABLE_OBJC_WEAK = YES;
				CLANG_WARN_BLOCK_CAPTURE_AUTORELEASING = YES;
				CLANG_WARN_BOOL_CONVERSION = YES;
				CLANG_WARN_COMMA = YES;
				CLANG_WARN_CONSTANT_CONVERSION = YES;
				CLANG_WARN_DEPRECATED_OBJC_IMPLEMENTATIONS = YES;
				CLANG_WARN_DIRECT_OBJC_ISA_USAGE = YES_ERROR;
				CLANG_WARN_DOCUMENTATION_COMMENTS = YES;
				CLANG_WARN_EMPTY_BODY = YES;
				CLANG_WARN_ENUM_CONVERSION = YES;
				CLANG_WARN_INFINITE_RECURSION = YES;
				CLANG_WARN_INT_CONVERSION = YES;
				CLANG_WARN_NON_LITERAL_NULL_CONVERSION = YES;
				CLANG_WARN_OBJC_IMPLICIT_RETAIN_SELF = YES;
				CLANG_WARN_OBJC_LITERAL_CONVERSION = YES;
				CLANG_WARN_OBJC_ROOT_CLASS = YES_ERROR;
				CLANG_WARN_QUOTED_INCLUDE_IN_FRAMEWORK_HEADER = YES;
				CLANG_WARN_RANGE_LOOP_ANALYSIS = YES;
				CLANG_WARN_STRICT_PROTOTYPES = YES;
				CLANG_WARN_SUSPICIOUS_MOVE = YES;
				CLANG_WARN_UNGUARDED_AVAILABILITY = YES_AGGRESSIVE;
				CLANG_WARN_UNREACHABLE_CODE = YES;
				CLANG_WARN__DUPLICATE_METHOD_MATCH = YES;
				COPY_PHASE_STRIP = NO;
				DEBUG_INFORMATION_FORMAT = dwarf;
				DEVELOPMENT_TEAM = C66T6ZH83N;
				ENABLE_STRICT_OBJC_MSGSEND = YES;
				ENABLE_TESTABILITY = YES;
				ENABLE_USER_SCRIPT_SANDBOXING = YES;
				GCC_C_LANGUAGE_STANDARD = gnu17;
				GCC_DYNAMIC_NO_PIC = NO;
				GCC_NO_COMMON_BLOCKS = YES;
				GCC_OPTIMIZATION_LEVEL = 0;
				GCC_PREPROCESSOR_DEFINITIONS = (
					"DEBUG=1",
					"$(inherited)",
				);
				GCC_WARN_64_TO_32_BIT_CONVERSION = YES;
				GCC_WARN_ABOUT_RETURN_TYPE = YES_ERROR;
				GCC_WARN_UNDECLARED_SELECTOR = YES;
				GCC_WARN_UNINITIALIZED_AUTOS = YES_AGGRESSIVE;
				GCC_WARN_UNUSED_FUNCTION = YES;
				GCC_WARN_UNUSED_VARIABLE = YES;
				IPHONEOS_DEPLOYMENT_TARGET = 26.0;
				LOCALIZATION_PREFERS_STRING_CATALOGS = YES;
				MTL_ENABLE_DEBUG_INFO = INCLUDE_SOURCE;
				MTL_FAST_MATH = YES;
				ONLY_ACTIVE_ARCH = YES;
				SDKROOT = iphoneos;
				STRING_CATALOG_GENERATE_SYMBOLS = YES;
				SWIFT_ACTIVE_COMPILATION_CONDITIONS = "DEBUG $(inherited)";
				SWIFT_OPTIMIZATION_LEVEL = "-Onone";
			};
			name = Debug;
		};
		3C918FBD2E9ECE6100AF5DAF /* Release */ = {
			isa = XCBuildConfiguration;
			buildSettings = {
				ALWAYS_SEARCH_USER_PATHS = NO;
				ASSETCATALOG_COMPILER_GENERATE_SWIFT_ASSET_SYMBOL_EXTENSIONS = YES;
				CLANG_ANALYZER_NONNULL = YES;
				CLANG_ANALYZER_NUMBER_OBJECT_CONVERSION = YES_AGGRESSIVE;
				CLANG_CXX_LANGUAGE_STANDARD = "gnu++20";
				CLANG_ENABLE_MODULES = YES;
				CLANG_ENABLE_OBJC_ARC = YES;
				CLANG_ENABLE_OBJC_WEAK = YES;
				CLANG_WARN_BLOCK_CAPTURE_AUTORELEASING = YES;
				CLANG_WARN_BOOL_CONVERSION = YES;
				CLANG_WARN_COMMA = YES;
				CLANG_WARN_CONSTANT_CONVERSION = YES;
				CLANG_WARN_DEPRECATED_OBJC_IMPLEMENTATIONS = YES;
				CLANG_WARN_DIRECT_OBJC_ISA_USAGE = YES_ERROR;
				CLANG_WARN_DOCUMENTATION_COMMENTS = YES;
				CLANG_WARN_EMPTY_BODY = YES;
				CLANG_WARN_ENUM_CONVERSION = YES;
				CLANG_WARN_INFINITE_RECURSION = YES;
				CLANG_WARN_INT_CONVERSION = YES;
				CLANG_WARN_NON_LITERAL_NULL_CONVERSION = YES;
				CLANG_WARN_OBJC_IMPLICIT_RETAIN_SELF = YES;
				CLANG_WARN_OBJC_LITERAL_CONVERSION = YES;
				CLANG_WARN_OBJC_ROOT_CLASS = YES_ERROR;
				CLANG_WARN_QUOTED_INCLUDE_IN_FRAMEWORK_HEADER = YES;
				CLANG_WARN_RANGE_LOOP_ANALYSIS = YES;
				CLANG_WARN_STRICT_PROTOTYPES = YES;
				CLANG_WARN_SUSPICIOUS_MOVE = YES;
				CLANG_WARN_UNGUARDED_AVAILABILITY = YES_AGGRESSIVE;
				CLANG_WARN_UNREACHABLE_CODE = YES;
				CLANG_WARN__DUPLICATE_METHOD_MATCH = YES;
				COPY_PHASE_STRIP = NO;
				DEBUG_INFORMATION_FORMAT = "dwarf-with-dsym";
				DEVELOPMENT_TEAM = C66T6ZH83N;
				ENABLE_NS_ASSERTIONS = NO;
				ENABLE_STRICT_OBJC_MSGSEND = YES;
				ENABLE_USER_SCRIPT_SANDBOXING = YES;
				GCC_C_LANGUAGE_STANDARD = gnu17;
				GCC_NO_COMMON_BLOCKS = YES;
				GCC_WARN_64_TO_32_BIT_CONVERSION = YES;
				GCC_WARN_ABOUT_RETURN_TYPE = YES_ERROR;
				GCC_WARN_UNDECLARED_SELECTOR = YES;
				GCC_WARN_UNINITIALIZED_AUTOS = YES_AGGRESSIVE;
				GCC_WARN_UNUSED_FUNCTION = YES;
				GCC_WARN_UNUSED_VARIABLE = YES;
				IPHONEOS_DEPLOYMENT_TARGET = 26.0;
				LOCALIZATION_PREFERS_STRING_CATALOGS = YES;
				MTL_ENABLE_DEBUG_INFO = NO;
				MTL_FAST_MATH = YES;
				SDKROOT = iphoneos;
				STRING_CATALOG_GENERATE_SYMBOLS = YES;
				SWIFT_COMPILATION_MODE = wholemodule;
				VALIDATE_PRODUCT = YES;
			};
			name = Release;
		};
		3C918FBF2E9ECE6100AF5DAF /* Debug */ = {
			isa = XCBuildConfiguration;
			buildSettings = {
				ASSETCATALOG_COMPILER_APPICON_NAME = AppIcon;
				ASSETCATALOG_COMPILER_GLOBAL_ACCENT_COLOR_NAME = AccentColor;
				CODE_SIGN_STYLE = Automatic;
				CURRENT_PROJECT_VERSION = 1;
				DEVELOPMENT_TEAM = C66T6ZH83N;
				ENABLE_PREVIEWS = YES;
				GENERATE_INFOPLIST_FILE = YES;
				INFOPLIST_KEY_LSApplicationCategoryType = "";
				INFOPLIST_KEY_NSCameraUsageDescription = "Camera is used to scan objects in real time.";
				INFOPLIST_KEY_NSLocationWhenInUseUsageDescription = "Location services are used to tags scans made in app and help strengthen model data.";
				INFOPLIST_KEY_UIApplicationSceneManifest_Generation = YES;
				INFOPLIST_KEY_UIApplicationSupportsIndirectInputEvents = YES;
				INFOPLIST_KEY_UILaunchScreen_Generation = YES;
				INFOPLIST_KEY_UISupportedInterfaceOrientations_iPad = "UIInterfaceOrientationPortrait UIInterfaceOrientationPortraitUpsideDown UIInterfaceOrientationLandscapeLeft UIInterfaceOrientationLandscapeRight";
				INFOPLIST_KEY_UISupportedInterfaceOrientations_iPhone = "UIInterfaceOrientationPortrait UIInterfaceOrientationLandscapeLeft UIInterfaceOrientationLandscapeRight";
				LD_RUNPATH_SEARCH_PATHS = (
					"$(inherited)",
					"@executable_path/Frameworks",
				);
				MARKETING_VERSION = 1.0;
				PRODUCT_BUNDLE_IDENTIFIER = "LS-SD25.LookSeeProto";
				PRODUCT_NAME = "$(TARGET_NAME)";
				STRING_CATALOG_GENERATE_SYMBOLS = YES;
				SWIFT_APPROACHABLE_CONCURRENCY = YES;
				SWIFT_DEFAULT_ACTOR_ISOLATION = MainActor;
				SWIFT_EMIT_LOC_STRINGS = YES;
				SWIFT_UPCOMING_FEATURE_MEMBER_IMPORT_VISIBILITY = YES;
				SWIFT_VERSION = 5.0;
				TARGETED_DEVICE_FAMILY = "1,2";
			};
			name = Debug;
		};
		3C918FC02E9ECE6100AF5DAF /* Release */ = {
			isa = XCBuildConfiguration;
			buildSettings = {
				ASSETCATALOG_COMPILER_APPICON_NAME = AppIcon;
				ASSETCATALOG_COMPILER_GLOBAL_ACCENT_COLOR_NAME = AccentColor;
				CODE_SIGN_STYLE = Automatic;
				CURRENT_PROJECT_VERSION = 1;
				DEVELOPMENT_TEAM = C66T6ZH83N;
				ENABLE_PREVIEWS = YES;
				GENERATE_INFOPLIST_FILE = YES;
				INFOPLIST_KEY_LSApplicationCategoryType = "";
				INFOPLIST_KEY_NSCameraUsageDescription = "Camera is used to scan objects in real time.";
				INFOPLIST_KEY_NSLocationWhenInUseUsageDescription = "Location services are used to tags scans made in app and help strengthen model data.";
				INFOPLIST_KEY_UIApplicationSceneManifest_Generation = YES;
				INFOPLIST_KEY_UIApplicationSupportsIndirectInputEvents = YES;
				INFOPLIST_KEY_UILaunchScreen_Generation = YES;
				INFOPLIST_KEY_UISupportedInterfaceOrientations_iPad = "UIInterfaceOrientationPortrait UIInterfaceOrientationPortraitUpsideDown UIInterfaceOrientationLandscapeLeft UIInterfaceOrientationLandscapeRight";
				INFOPLIST_KEY_UISupportedInterfaceOrientations_iPhone = "UIInterfaceOrientationPortrait UIInterfaceOrientationLandscapeLeft UIInterfaceOrientationLandscapeRight";
				LD_RUNPATH_SEARCH_PATHS = (
					"$(inherited)",
					"@executable_path/Frameworks",
				);
				MARKETING_VERSION = 1.0;
				PRODUCT_BUNDLE_IDENTIFIER = "LS-SD25.LookSeeProto";
				PRODUCT_NAME = "$(TARGET_NAME)";
				STRING_CATALOG_GENERATE_SYMBOLS = YES;
				SWIFT_APPROACHABLE_CONCURRENCY = YES;
				SWIFT_DEFAULT_ACTOR_ISOLATION = MainActor;
				SWIFT_EMIT_LOC_STRINGS = YES;
				SWIFT_UPCOMING_FEATURE_MEMBER_IMPORT_VISIBILITY = YES;
				SWIFT_VERSION = 5.0;
				TARGETED_DEVICE_FAMILY = "1,2";
			};
			name = Release;
		};
		3C918FC22E9ECE6100AF5DAF /* Debug */ = {
			isa = XCBuildConfiguration;
			buildSettings = {
				BUNDLE_LOADER = "$(TEST_HOST)";
				CODE_SIGN_STYLE = Automatic;
				CURRENT_PROJECT_VERSION = 1;
				DEVELOPMENT_TEAM = C66T6ZH83N;
				GENERATE_INFOPLIST_FILE = YES;
				IPHONEOS_DEPLOYMENT_TARGET = 26.0;
				MARKETING_VERSION = 1.0;
				PRODUCT_BUNDLE_IDENTIFIER = "LS-SD25.LookSeeProtoTests";
				PRODUCT_NAME = "$(TARGET_NAME)";
				STRING_CATALOG_GENERATE_SYMBOLS = NO;
				SWIFT_APPROACHABLE_CONCURRENCY = YES;
				SWIFT_EMIT_LOC_STRINGS = NO;
				SWIFT_UPCOMING_FEATURE_MEMBER_IMPORT_VISIBILITY = YES;
				SWIFT_VERSION = 5.0;
				TARGETED_DEVICE_FAMILY = "1,2";
				TEST_HOST = "$(BUILT_PRODUCTS_DIR)/LookSeeProto.app/$(BUNDLE_EXECUTABLE_FOLDER_PATH)/LookSeeProto";
			};
			name = Debug;
		};
		3C918FC32E9ECE6100AF5DAF /* Release */ = {
			isa = XCBuildConfiguration;
			buildSettings = {
				BUNDLE_LOADER = "$(TEST_HOST)";
				CODE_SIGN_STYLE = Automatic;
				CURRENT_PROJECT_VERSION = 1;
				DEVELOPMENT_TEAM = C66T6ZH83N;
				GENERATE_INFOPLIST_FILE = YES;
				IPHONEOS_DEPLOYMENT_TARGET = 26.0;
				MARKETING_VERSION = 1.0;
				PRODUCT_BUNDLE_IDENTIFIER = "LS-SD25.LookSeeProtoTests";
				PRODUCT_NAME = "$(TARGET_NAME)";
				STRING_CATALOG_GENERATE_SYMBOLS = NO;
				SWIFT_APPROACHABLE_CONCURRENCY = YES;
				SWIFT_EMIT_LOC_STRINGS = NO;
				SWIFT_UPCOMING_FEATURE_MEMBER_IMPORT_VISIBILITY = YES;
				SWIFT_VERSION = 5.0;
				TARGETED_DEVICE_FAMILY = "1,2";
				TEST_HOST = "$(BUILT_PRODUCTS_DIR)/LookSeeProto.app/$(BUNDLE_EXECUTABLE_FOLDER_PATH)/LookSeeProto";
			};
			name = Release;
		};
		3C918FC52E9ECE6100AF5DAF /* Debug */ = {
			isa = XCBuildConfiguration;
			buildSettings = {
				CODE_SIGN_STYLE = Automatic;
				CURRENT_PROJECT_VERSION = 1;
				DEVELOPMENT_TEAM = C66T6ZH83N;
				GENERATE_INFOPLIST_FILE = YES;
				MARKETING_VERSION = 1.0;
				PRODUCT_BUNDLE_IDENTIFIER = "LS-SD25.LookSeeProtoUITests";
				PRODUCT_NAME = "$(TARGET_NAME)";
				STRING_CATALOG_GENERATE_SYMBOLS = NO;
				SWIFT_APPROACHABLE_CONCURRENCY = YES;
				SWIFT_EMIT_LOC_STRINGS = NO;
				SWIFT_UPCOMING_FEATURE_MEMBER_IMPORT_VISIBILITY = YES;
				SWIFT_VERSION = 5.0;
				TARGETED_DEVICE_FAMILY = "1,2";
				TEST_TARGET_NAME = LookSeeProto;
			};
			name = Debug;
		};
		3C918FC62E9ECE6100AF5DAF /* Release */ = {
			isa = XCBuildConfiguration;
			buildSettings = {
				CODE_SIGN_STYLE = Automatic;
				CURRENT_PROJECT_VERSION = 1;
				DEVELOPMENT_TEAM = C66T6ZH83N;
				GENERATE_INFOPLIST_FILE = YES;
				MARKETING_VERSION = 1.0;
				PRODUCT_BUNDLE_IDENTIFIER = "LS-SD25.LookSeeProtoUITests";
				PRODUCT_NAME = "$(TARGET_NAME)";
				STRING_CATALOG_GENERATE_SYMBOLS = NO;
				SWIFT_APPROACHABLE_CONCURRENCY = YES;
				SWIFT_EMIT_LOC_STRINGS = NO;
				SWIFT_UPCOMING_FEATURE_MEMBER_IMPORT_VISIBILITY = YES;
				SWIFT_VERSION = 5.0;
				TARGETED_DEVICE_FAMILY = "1,2";
				TEST_TARGET_NAME = LookSeeProto;
			};
			name = Release;
		};
/* End XCBuildConfiguration section */

/* Begin XCConfigurationList section */
		3C918F982E9ECE5F00AF5DAF /* Build configuration list for PBXProject "LookSeeProto" */ = {
			isa = XCConfigurationList;
			buildConfigurations = (
				3C918FBC2E9ECE6100AF5DAF /* Debug */,
				3C918FBD2E9ECE6100AF5DAF /* Release */,
			);
			defaultConfigurationIsVisible = 0;
			defaultConfigurationName = Release;
		};
		3C918FBE2E9ECE6100AF5DAF /* Build configuration list for PBXNativeTarget "LookSeeProto" */ = {
			isa = XCConfigurationList;
			buildConfigurations = (
				3C918FBF2E9ECE6100AF5DAF /* Debug */,
				3C918FC02E9ECE6100AF5DAF /* Release */,
			);
			defaultConfigurationIsVisible = 0;
			defaultConfigurationName = Release;
		};
		3C918FC12E9ECE6100AF5DAF /* Build configuration list for PBXNativeTarget "LookSeeProtoTests" */ = {
			isa = XCConfigurationList;
			buildConfigurations = (
				3C918FC22E9ECE6100AF5DAF /* Debug */,
				3C918FC32E9ECE6100AF5DAF /* Release */,
			);
			defaultConfigurationIsVisible = 0;
			defaultConfigurationName = Release;
		};
		3C918FC42E9ECE6100AF5DAF /* Build configuration list for PBXNativeTarget "LookSeeProtoUITests" */ = {
			isa = XCConfigurationList;
			buildConfigurations = (
				3C918FC52E9ECE6100AF5DAF /* Debug */,
				3C918FC62E9ECE6100AF5DAF /* Release */,
			);
			defaultConfigurationIsVisible = 0;
			defaultConfigurationName = Release;
		};
/* End XCConfigurationList section */
	};
	rootObject = 3C918F952E9ECE5F00AF5DAF /* Project object */;
}
